
Microsoft Visual Studio Solution File, Format Version 12.00
# Visual Studio Version 16
VisualStudioVersion = 16.0.32630.194
MinimumVisualStudioVersion = 10.0.40219.1
Project("{9A19103F-16F7-4668-BE54-9A1E7A4F7556}") = "MatlabSimple", "MatlabSimple\MatlabSimple.csproj", "{302126DC-9623-46CF-B106-EC058B4CBCEE}"
EndProject
Project("{FAE04EC0-301F-11D3-BF4B-00C04F79EFBC}") = "NIDAQ_sample", "NIDAQ_sample\NIDAQ_sample.csproj", "{5A09E0F6-2A21-4FCE-9F84-AAAA3BC6839E}"
EndProject
Project("{FAE04EC0-301F-11D3-BF4B-00C04F79EFBC}") = "NIDAQDevice", "NIDAQDevice\NIDAQDevice.csproj", "{EBBEF714-532B-4F22-B694-AD21EEBCD262}"
EndProject
Project("{FAE04EC0-301F-11D3-BF4B-00C04F79EFBC}") = "Assembly-CSharp", "Haptic_demo\Assembly-CSharp.csproj", "{35198214-C46A-5580-D08C-0A693E987C3A}"
EndProject
Global
	GlobalSection(SolutionConfigurationPlatforms) = preSolution
		Debug|Any CPU = Debug|Any CPU
		Release|Any CPU = Release|Any CPU
	EndGlobalSection
	GlobalSection(ProjectConfigurationPlatforms) = postSolution
		{302126DC-9623-46CF-B106-EC058B4CBCEE}.Debug|Any CPU.ActiveCfg = Debug|Any CPU
		{302126DC-9623-46CF-B106-EC058B4CBCEE}.Debug|Any CPU.Build.0 = Debug|Any CPU
		{302126DC-9623-46CF-B106-EC058B4CBCEE}.Release|Any CPU.ActiveCfg = Release|Any CPU
		{302126DC-9623-46CF-B106-EC058B4CBCEE}.Release|Any CPU.Build.0 = Release|Any CPU
		{5A09E0F6-2A21-4FCE-9F84-AAAA3BC6839E}.Debug|Any CPU.ActiveCfg = Debug|Any CPU
		{5A09E0F6-2A21-4FCE-9F84-AAAA3BC6839E}.Debug|Any CPU.Build.0 = Debug|Any CPU
		{5A09E0F6-2A21-4FCE-9F84-AAAA3BC6839E}.Release|Any CPU.ActiveCfg = Release|Any CPU
		{5A09E0F6-2A21-4FCE-9F84-AAAA3BC6839E}.Release|Any CPU.Build.0 = Release|Any CPU
		{EBBEF714-532B-4F22-B694-AD21EEBCD262}.Debug|Any CPU.ActiveCfg = Debug|Any CPU
		{EBBEF714-532B-4F22-B694-AD21EEBCD262}.Debug|Any CPU.Build.0 = Debug|Any CPU
		{EBBEF714-532B-4F22-B694-AD21EEBCD262}.Release|Any CPU.ActiveCfg = Release|Any CPU
		{EBBEF714-532B-4F22-B694-AD21EEBCD262}.Release|Any CPU.Build.0 = Release|Any CPU
		{35198214-C46A-5580-D08C-0A693E987C3A}.Debug|Any CPU.ActiveCfg = Debug|Any CPU
		{35198214-C46A-5580-D08C-0A693E987C3A}.Debug|Any CPU.Build.0 = Debug|Any CPU
		{35198214-C46A-5580-D08C-0A693E987C3A}.Release|Any CPU.ActiveCfg = Release|Any CPU
		{35198214-C46A-5580-D08C-0A693E987C3A}.Release|Any CPU.Build.0 = Release|Any CPU
	EndGlobalSection
	GlobalSection(SolutionProperties) = preSolution
		HideSolutionNode = FALSE
	EndGlobalSection
	GlobalSection(ExtensibilityGlobals) = postSolution
		SolutionGuid = {93FE72D8-91F7-41C3-8F19-9E0B53EB3CF3}
	EndGlobalSection
EndGlobal
